
Microsoft Visual Studio Solution File, Format Version 12.00
# Visual Studio Version 16
VisualStudioVersion = 16.0.28803.156
MinimumVisualStudioVersion = 10.0.40219.1
Project("{9A19103F-16F7-4668-BE54-9A1E7A4F7556}") = "PlayGround", "PlayGround\PlayGround.csproj", "{02B50C9B-D983-4A57-BBD6-B2D9FE2F1EFC}"
EndProject
Global
	GlobalSection(SolutionConfigurationPlatforms) = preSolution
		Debug|Any CPU = Debug|Any CPU
		Release|Any CPU = Release|Any CPU
	EndGlobalSection
	GlobalSection(ProjectConfigurationPlatforms) = postSolution
		{02B50C9B-D983-4A57-BBD6-B2D9FE2F1EFC}.Debug|Any CPU.ActiveCfg = Debug|Any CPU
		{02B50C9B-D983-4A57-BBD6-B2D9FE2F1EFC}.Debug|Any CPU.Build.0 = Debug|Any CPU
		{02B50C9B-D983-4A57-BBD6-B2D9FE2F1EFC}.Release|Any CPU.ActiveCfg = Release|Any CPU
		{02B50C9B-D983-4A57-BBD6-B2D9FE2F1EFC}.Release|Any CPU.Build.0 = Release|Any CPU
	EndGlobalSection
	GlobalSection(SolutionProperties) = preSolution
		HideSolutionNode = FALSE
	EndGlobalSection
	GlobalSection(ExtensibilityGlobals) = postSolution
		SolutionGuid = {19EB789E-4C6C-488E-AA83-EA4130A729DD}
	EndGlobalSection
EndGlobal
